// !$*UTF8*$!
{
	archiveVersion = 1;
	classes = {
	};
	objectVersion = 55;
	objects = {

/* Begin PBXBuildFile section */
		6CB0F7CF27D0ED34001A5DDC /* Tests_iOS.swift in Sources */ = {isa = PBXBuildFile; fileRef = 6CB0F7CE27D0ED34001A5DDC /* Tests_iOS.swift */; };
		6CB0F7D127D0ED34001A5DDC /* Tests_iOSLaunchTests.swift in Sources */ = {isa = PBXBuildFile; fileRef = 6CB0F7D027D0ED34001A5DDC /* Tests_iOSLaunchTests.swift */; };
		6CB0F7DB27D0ED34001A5DDC /* Tests_macOS.swift in Sources */ = {isa = PBXBuildFile; fileRef = 6CB0F7DA27D0ED34001A5DDC /* Tests_macOS.swift */; };
		6CB0F7DD27D0ED34001A5DDC /* Tests_macOSLaunchTests.swift in Sources */ = {isa = PBXBuildFile; fileRef = 6CB0F7DC27D0ED34001A5DDC /* Tests_macOSLaunchTests.swift */; };
		6CB0F7DE27D0ED34001A5DDC /* SwiftUI_PinchApp.swift in Sources */ = {isa = PBXBuildFile; fileRef = 6CB0F7B627D0ED32001A5DDC /* SwiftUI_PinchApp.swift */; };
		6CB0F7DF27D0ED34001A5DDC /* SwiftUI_PinchApp.swift in Sources */ = {isa = PBXBuildFile; fileRef = 6CB0F7B627D0ED32001A5DDC /* SwiftUI_PinchApp.swift */; };
		6CB0F7E027D0ED34001A5DDC /* ContentView.swift in Sources */ = {isa = PBXBuildFile; fileRef = 6CB0F7B727D0ED32001A5DDC /* ContentView.swift */; };
		6CB0F7E127D0ED34001A5DDC /* ContentView.swift in Sources */ = {isa = PBXBuildFile; fileRef = 6CB0F7B727D0ED32001A5DDC /* ContentView.swift */; };
		6CB0F7E227D0ED34001A5DDC /* Assets.xcassets in Resources */ = {isa = PBXBuildFile; fileRef = 6CB0F7B827D0ED34001A5DDC /* Assets.xcassets */; };
		6CB0F7E327D0ED34001A5DDC /* Assets.xcassets in Resources */ = {isa = PBXBuildFile; fileRef = 6CB0F7B827D0ED34001A5DDC /* Assets.xcassets */; };
/* End PBXBuildFile section */

/* Begin PBXContainerItemProxy section */
		6CB0F7CB27D0ED34001A5DDC /* PBXContainerItemProxy */ = {
			isa = PBXContainerItemProxy;
			containerPortal = 6CB0F7B127D0ED32001A5DDC /* Project object */;
			proxyType = 1;
			remoteGlobalIDString = 6CB0F7BC27D0ED34001A5DDC;
			remoteInfo = "SwiftUI_Pinch (iOS)";
		};
		6CB0F7D727D0ED34001A5DDC /* PBXContainerItemProxy */ = {
			isa = PBXContainerItemProxy;
			containerPortal = 6CB0F7B127D0ED32001A5DDC /* Project object */;
			proxyType = 1;
			remoteGlobalIDString = 6CB0F7C227D0ED34001A5DDC;
			remoteInfo = "SwiftUI_Pinch (macOS)";
		};
/* End PBXContainerItemProxy section */

/* Begin PBXFileReference section */
		6CB0F7B627D0ED32001A5DDC /* SwiftUI_PinchApp.swift */ = {isa = PBXFileReference; lastKnownFileType = sourcecode.swift; path = SwiftUI_PinchApp.swift; sourceTree = "<group>"; };
		6CB0F7B727D0ED32001A5DDC /* ContentView.swift */ = {isa = PBXFileReference; lastKnownFileType = sourcecode.swift; path = ContentView.swift; sourceTree = "<group>"; };
		6CB0F7B827D0ED34001A5DDC /* Assets.xcassets */ = {isa = PBXFileReference; lastKnownFileType = folder.assetcatalog; path = Assets.xcassets; sourceTree = "<group>"; };
		6CB0F7BD27D0ED34001A5DDC /* SwiftUI_Pinch.app */ = {isa = PBXFileReference; explicitFileType = wrapper.application; includeInIndex = 0; path = SwiftUI_Pinch.app; sourceTree = BUILT_PRODUCTS_DIR; };
		6CB0F7C327D0ED34001A5DDC /* SwiftUI_Pinch.app */ = {isa = PBXFileReference; explicitFileType = wrapper.application; includeInIndex = 0; path = SwiftUI_Pinch.app; sourceTree = BUILT_PRODUCTS_DIR; };
		6CB0F7C527D0ED34001A5DDC /* macOS.entitlements */ = {isa = PBXFileReference; lastKnownFileType = text.plist.entitlements; path = macOS.entitlements; sourceTree = "<group>"; };
		6CB0F7CA27D0ED34001A5DDC /* Tests iOS.xctest */ = {isa = PBXFileReference; explicitFileType = wrapper.cfbundle; includeInIndex = 0; path = "Tests iOS.xctest"; sourceTree = BUILT_PRODUCTS_DIR; };
		6CB0F7CE27D0ED34001A5DDC /* Tests_iOS.swift */ = {isa = PBXFileReference; lastKnownFileType = sourcecode.swift; path = Tests_iOS.swift; sourceTree = "<group>"; };
		6CB0F7D027D0ED34001A5DDC /* Tests_iOSLaunchTests.swift */ = {isa = PBXFileReference; lastKnownFileType = sourcecode.swift; path = Tests_iOSLaunchTests.swift; sourceTree = "<group>"; };
		6CB0F7D627D0ED34001A5DDC /* Tests macOS.xctest */ = {isa = PBXFileReference; explicitFileType = wrapper.cfbundle; includeInIndex = 0; path = "Tests macOS.xctest"; sourceTree = BUILT_PRODUCTS_DIR; };
		6CB0F7DA27D0ED34001A5DDC /* Tests_macOS.swift */ = {isa = PBXFileReference; lastKnownFileType = sourcecode.swift; path = Tests_macOS.swift; sourceTree = "<group>"; };
		6CB0F7DC27D0ED34001A5DDC /* Tests_macOSLaunchTests.swift */ = {isa = PBXFileReference; lastKnownFileType = sourcecode.swift; path = Tests_macOSLaunchTests.swift; sourceTree = "<group>"; };
/* End PBXFileReference section */

/* Begin PBXFrameworksBuildPhase section */
		6CB0F7BA27D0ED34001A5DDC /* Frameworks */ = {
			isa = PBXFrameworksBuildPhase;
			buildActionMask = 2147483647;
			files = (
			);
			runOnlyForDeploymentPostprocessing = 0;
		};
		6CB0F7C027D0ED34001A5DDC /* Frameworks */ = {
			isa = PBXFrameworksBuildPhase;
			buildActionMask = 2147483647;
			files = (
			);
			runOnlyForDeploymentPostprocessing = 0;
		};
		6CB0F7C727D0ED34001A5DDC /* Frameworks */ = {
			isa = PBXFrameworksBuildPhase;
			buildActionMask = 2147483647;
			files = (
			);
			runOnlyForDeploymentPostprocessing = 0;
		};
		6CB0F7D327D0ED34001A5DDC /* Frameworks */ = {
			isa = PBXFrameworksBuildPhase;
			buildActionMask = 2147483647;
			files = (
			);
			runOnlyForDeploymentPostprocessing = 0;
		};
/* End PBXFrameworksBuildPhase section */

/* Begin PBXGroup section */
		6CB0F7B027D0ED32001A5DDC = {
			isa = PBXGroup;
			children = (
				6CB0F7B527D0ED32001A5DDC /* Shared */,
				6CB0F7C427D0ED34001A5DDC /* macOS */,
				6CB0F7CD27D0ED34001A5DDC /* Tests iOS */,
				6CB0F7D927D0ED34001A5DDC /* Tests macOS */,
				6CB0F7BE27D0ED34001A5DDC /* Products */,
			);
			sourceTree = "<group>";
		};
		6CB0F7B527D0ED32001A5DDC /* Shared */ = {
			isa = PBXGroup;
			children = (
				6CB0F7F527D0EE0C001A5DDC /* Data */,
				6CB0F7F327D0EDF6001A5DDC /* Model */,
				6CB0F7F227D0EDE1001A5DDC /* View */,
				6CB0F7B627D0ED32001A5DDC /* SwiftUI_PinchApp.swift */,
				6CB0F7B827D0ED34001A5DDC /* Assets.xcassets */,
				6CB0F7F427D0EE02001A5DDC /* Screen */,
			);
			path = Shared;
			sourceTree = "<group>";
		};
		6CB0F7BE27D0ED34001A5DDC /* Products */ = {
			isa = PBXGroup;
			children = (
				6CB0F7BD27D0ED34001A5DDC /* SwiftUI_Pinch.app */,
				6CB0F7C327D0ED34001A5DDC /* SwiftUI_Pinch.app */,
				6CB0F7CA27D0ED34001A5DDC /* Tests iOS.xctest */,
				6CB0F7D627D0ED34001A5DDC /* Tests macOS.xctest */,
			);
			name = Products;
			sourceTree = "<group>";
		};
		6CB0F7C427D0ED34001A5DDC /* macOS */ = {
			isa = PBXGroup;
			children = (
				6CB0F7C527D0ED34001A5DDC /* macOS.entitlements */,
			);
			path = macOS;
			sourceTree = "<group>";
		};
		6CB0F7CD27D0ED34001A5DDC /* Tests iOS */ = {
			isa = PBXGroup;
			children = (
				6CB0F7CE27D0ED34001A5DDC /* Tests_iOS.swift */,
				6CB0F7D027D0ED34001A5DDC /* Tests_iOSLaunchTests.swift */,
			);
			path = "Tests iOS";
			sourceTree = "<group>";
		};
		6CB0F7D927D0ED34001A5DDC /* Tests macOS */ = {
			isa = PBXGroup;
			children = (
				6CB0F7DA27D0ED34001A5DDC /* Tests_macOS.swift */,
				6CB0F7DC27D0ED34001A5DDC /* Tests_macOSLaunchTests.swift */,
			);
			path = "Tests macOS";
			sourceTree = "<group>";
		};
		6CB0F7F227D0EDE1001A5DDC /* View */ = {
			isa = PBXGroup;
			children = (
			);
			name = View;
			path = "퍋ㅈ";
			sourceTree = "<group>";
		};
		6CB0F7F327D0EDF6001A5DDC /* Model */ = {
			isa = PBXGroup;
			children = (
			);
			path = Model;
			sourceTree = "<group>";
		};
		6CB0F7F427D0EE02001A5DDC /* Screen */ = {
			isa = PBXGroup;
			children = (
				6CB0F7B727D0ED32001A5DDC /* ContentView.swift */,
			);
			path = Screen;
			sourceTree = "<group>";
		};
		6CB0F7F527D0EE0C001A5DDC /* Data */ = {
			isa = PBXGroup;
			children = (
			);
			path = Data;
			sourceTree = "<group>";
		};
/* End PBXGroup section */

/* Begin PBXNativeTarget section */
		6CB0F7BC27D0ED34001A5DDC /* SwiftUI_Pinch (iOS) */ = {
			isa = PBXNativeTarget;
			buildConfigurationList = 6CB0F7E627D0ED34001A5DDC /* Build configuration list for PBXNativeTarget "SwiftUI_Pinch (iOS)" */;
			buildPhases = (
				6CB0F7B927D0ED34001A5DDC /* Sources */,
				6CB0F7BA27D0ED34001A5DDC /* Frameworks */,
				6CB0F7BB27D0ED34001A5DDC /* Resources */,
			);
			buildRules = (
			);
			dependencies = (
			);
			name = "SwiftUI_Pinch (iOS)";
			productName = "SwiftUI_Pinch (iOS)";
			productReference = 6CB0F7BD27D0ED34001A5DDC /* SwiftUI_Pinch.app */;
			productType = "com.apple.product-type.application";
		};
		6CB0F7C227D0ED34001A5DDC /* SwiftUI_Pinch (macOS) */ = {
			isa = PBXNativeTarget;
			buildConfigurationList = 6CB0F7E927D0ED34001A5DDC /* Build configuration list for PBXNativeTarget "SwiftUI_Pinch (macOS)" */;
			buildPhases = (
				6CB0F7BF27D0ED34001A5DDC /* Sources */,
				6CB0F7C027D0ED34001A5DDC /* Frameworks */,
				6CB0F7C127D0ED34001A5DDC /* Resources */,
			);
			buildRules = (
			);
			dependencies = (
			);
			name = "SwiftUI_Pinch (macOS)";
			productName = "SwiftUI_Pinch (macOS)";
			productReference = 6CB0F7C327D0ED34001A5DDC /* SwiftUI_Pinch.app */;
			productType = "com.apple.product-type.application";
		};
		6CB0F7C927D0ED34001A5DDC /* Tests iOS */ = {
			isa = PBXNativeTarget;
			buildConfigurationList = 6CB0F7EC27D0ED34001A5DDC /* Build configuration list for PBXNativeTarget "Tests iOS" */;
			buildPhases = (
				6CB0F7C627D0ED34001A5DDC /* Sources */,
				6CB0F7C727D0ED34001A5DDC /* Frameworks */,
				6CB0F7C827D0ED34001A5DDC /* Resources */,
			);
			buildRules = (
			);
			dependencies = (
				6CB0F7CC27D0ED34001A5DDC /* PBXTargetDependency */,
			);
			name = "Tests iOS";
			productName = "Tests iOS";
			productReference = 6CB0F7CA27D0ED34001A5DDC /* Tests iOS.xctest */;
			productType = "com.apple.product-type.bundle.ui-testing";
		};
		6CB0F7D527D0ED34001A5DDC /* Tests macOS */ = {
			isa = PBXNativeTarget;
			buildConfigurationList = 6CB0F7EF27D0ED34001A5DDC /* Build configuration list for PBXNativeTarget "Tests macOS" */;
			buildPhases = (
				6CB0F7D227D0ED34001A5DDC /* Sources */,
				6CB0F7D327D0ED34001A5DDC /* Frameworks */,
				6CB0F7D427D0ED34001A5DDC /* Resources */,
			);
			buildRules = (
			);
			dependencies = (
				6CB0F7D827D0ED34001A5DDC /* PBXTargetDependency */,
			);
			name = "Tests macOS";
			productName = "Tests macOS";
			productReference = 6CB0F7D627D0ED34001A5DDC /* Tests macOS.xctest */;
			productType = "com.apple.product-type.bundle.ui-testing";
		};
/* End PBXNativeTarget section */

/* Begin PBXProject section */
		6CB0F7B127D0ED32001A5DDC /* Project object */ = {
			isa = PBXProject;
			attributes = {
				BuildIndependentTargetsInParallel = 1;
				LastSwiftUpdateCheck = 1320;
				LastUpgradeCheck = 1320;
				TargetAttributes = {
					6CB0F7BC27D0ED34001A5DDC = {
						CreatedOnToolsVersion = 13.2.1;
					};
					6CB0F7C227D0ED34001A5DDC = {
						CreatedOnToolsVersion = 13.2.1;
					};
					6CB0F7C927D0ED34001A5DDC = {
						CreatedOnToolsVersion = 13.2.1;
						TestTargetID = 6CB0F7BC27D0ED34001A5DDC;
					};
					6CB0F7D527D0ED34001A5DDC = {
						CreatedOnToolsVersion = 13.2.1;
						TestTargetID = 6CB0F7C227D0ED34001A5DDC;
					};
				};
			};
			buildConfigurationList = 6CB0F7B427D0ED32001A5DDC /* Build configuration list for PBXProject "SwiftUI_Pinch" */;
			compatibilityVersion = "Xcode 13.0";
			developmentRegion = en;
			hasScannedForEncodings = 0;
			knownRegions = (
				en,
				Base,
			);
			mainGroup = 6CB0F7B027D0ED32001A5DDC;
			productRefGroup = 6CB0F7BE27D0ED34001A5DDC /* Products */;
			projectDirPath = "";
			projectRoot = "";
			targets = (
				6CB0F7BC27D0ED34001A5DDC /* SwiftUI_Pinch (iOS) */,
				6CB0F7C227D0ED34001A5DDC /* SwiftUI_Pinch (macOS) */,
				6CB0F7C927D0ED34001A5DDC /* Tests iOS */,
				6CB0F7D527D0ED34001A5DDC /* Tests macOS */,
			);
		};
/* End PBXProject section */

/* Begin PBXResourcesBuildPhase section */
		6CB0F7BB27D0ED34001A5DDC /* Resources */ = {
			isa = PBXResourcesBuildPhase;
			buildActionMask = 2147483647;
			files = (
				6CB0F7E227D0ED34001A5DDC /* Assets.xcassets in Resources */,
			);
			runOnlyForDeploymentPostprocessing = 0;
		};
		6CB0F7C127D0ED34001A5DDC /* Resources */ = {
			isa = PBXResourcesBuildPhase;
			buildActionMask = 2147483647;
			files = (
				6CB0F7E327D0ED34001A5DDC /* Assets.xcassets in Resources */,
			);
			runOnlyForDeploymentPostprocessing = 0;
		};
		6CB0F7C827D0ED34001A5DDC /* Resources */ = {
			isa = PBXResourcesBuildPhase;
			buildActionMask = 2147483647;
			files = (
			);
			runOnlyForDeploymentPostprocessing = 0;
		};
		6CB0F7D427D0ED34001A5DDC /* Resources */ = {
			isa = PBXResourcesBuildPhase;
			buildActionMask = 2147483647;
			files = (
			);
			runOnlyForDeploymentPostprocessing = 0;
		};
/* End PBXResourcesBuildPhase section */

/* Begin PBXSourcesBuildPhase section */
		6CB0F7B927D0ED34001A5DDC /* Sources */ = {
			isa = PBXSourcesBuildPhase;
			buildActionMask = 2147483647;
			files = (
				6CB0F7E027D0ED34001A5DDC /* ContentView.swift in Sources */,
				6CB0F7DE27D0ED34001A5DDC /* SwiftUI_PinchApp.swift in Sources */,
			);
			runOnlyForDeploymentPostprocessing = 0;
		};
		6CB0F7BF27D0ED34001A5DDC /* Sources */ = {
			isa = PBXSourcesBuildPhase;
			buildActionMask = 2147483647;
			files = (
				6CB0F7E127D0ED34001A5DDC /* ContentView.swift in Sources */,
				6CB0F7DF27D0ED34001A5DDC /* SwiftUI_PinchApp.swift in Sources */,
			);
			runOnlyForDeploymentPostprocessing = 0;
		};
		6CB0F7C627D0ED34001A5DDC /* Sources */ = {
			isa = PBXSourcesBuildPhase;
			buildActionMask = 2147483647;
			files = (
				6CB0F7D127D0ED34001A5DDC /* Tests_iOSLaunchTests.swift in Sources */,
				6CB0F7CF27D0ED34001A5DDC /* Tests_iOS.swift in Sources */,
			);
			runOnlyForDeploymentPostprocessing = 0;
		};
		6CB0F7D227D0ED34001A5DDC /* Sources */ = {
			isa = PBXSourcesBuildPhase;
			buildActionMask = 2147483647;
			files = (
				6CB0F7DD27D0ED34001A5DDC /* Tests_macOSLaunchTests.swift in Sources */,
				6CB0F7DB27D0ED34001A5DDC /* Tests_macOS.swift in Sources */,
			);
			runOnlyForDeploymentPostprocessing = 0;
		};
/* End PBXSourcesBuildPhase section */

/* Begin PBXTargetDependency section */
		6CB0F7CC27D0ED34001A5DDC /* PBXTargetDependency */ = {
			isa = PBXTargetDependency;
			target = 6CB0F7BC27D0ED34001A5DDC /* SwiftUI_Pinch (iOS) */;
			targetProxy = 6CB0F7CB27D0ED34001A5DDC /* PBXContainerItemProxy */;
		};
		6CB0F7D827D0ED34001A5DDC /* PBXTargetDependency */ = {
			isa = PBXTargetDependency;
			target = 6CB0F7C227D0ED34001A5DDC /* SwiftUI_Pinch (macOS) */;
			targetProxy = 6CB0F7D727D0ED34001A5DDC /* PBXContainerItemProxy */;
		};
/* End PBXTargetDependency section */

/* Begin XCBuildConfiguration section */
		6CB0F7E427D0ED34001A5DDC /* Debug */ = {
			isa = XCBuildConfiguration;
			buildSettings = {
				ALWAYS_SEARCH_USER_PATHS = NO;
				CLANG_ANALYZER_NONNULL = YES;
				CLANG_ANALYZER_NUMBER_OBJECT_CONVERSION = YES_AGGRESSIVE;
				CLANG_CXX_LANGUAGE_STANDARD = "gnu++17";
				CLANG_CXX_LIBRARY = "libc++";
				CLANG_ENABLE_MODULES = YES;
				CLANG_ENABLE_OBJC_ARC = YES;
				CLANG_ENABLE_OBJC_WEAK = YES;
				CLANG_WARN_BLOCK_CAPTURE_AUTORELEASING = YES;
				CLANG_WARN_BOOL_CONVERSION = YES;
				CLANG_WARN_COMMA = YES;
				CLANG_WARN_CONSTANT_CONVERSION = YES;
				CLANG_WARN_DEPRECATED_OBJC_IMPLEMENTATIONS = YES;
				CLANG_WARN_DIRECT_OBJC_ISA_USAGE = YES_ERROR;
				CLANG_WARN_DOCUMENTATION_COMMENTS = YES;
				CLANG_WARN_EMPTY_BODY = YES;
				CLANG_WARN_ENUM_CONVERSION = YES;
				CLANG_WARN_INFINITE_RECURSION = YES;
				CLANG_WARN_INT_CONVERSION = YES;
				CLANG_WARN_NON_LITERAL_NULL_CONVERSION = YES;
				CLANG_WARN_OBJC_IMPLICIT_RETAIN_SELF = YES;
				CLANG_WARN_OBJC_LITERAL_CONVERSION = YES;
				CLANG_WARN_OBJC_ROOT_CLASS = YES_ERROR;
				CLANG_WARN_QUOTED_INCLUDE_IN_FRAMEWORK_HEADER = YES;
				CLANG_WARN_RANGE_LOOP_ANALYSIS = YES;
				CLANG_WARN_STRICT_PROTOTYPES = YES;
				CLANG_WARN_SUSPICIOUS_MOVE = YES;
				CLANG_WARN_UNGUARDED_AVAILABILITY = YES_AGGRESSIVE;
				CLANG_WARN_UNREACHABLE_CODE = YES;
				CLANG_WARN__DUPLICATE_METHOD_MATCH = YES;
				COPY_PHASE_STRIP = NO;
				DEBUG_INFORMATION_FORMAT = dwarf;
				ENABLE_STRICT_OBJC_MSGSEND = YES;
				ENABLE_TESTABILITY = YES;
				GCC_C_LANGUAGE_STANDARD = gnu11;
				GCC_DYNAMIC_NO_PIC = NO;
				GCC_NO_COMMON_BLOCKS = YES;
				GCC_OPTIMIZATION_LEVEL = 0;
				GCC_PREPROCESSOR_DEFINITIONS = (
					"DEBUG=1",
					"$(inherited)",
				);
				GCC_WARN_64_TO_32_BIT_CONVERSION = YES;
				GCC_WARN_ABOUT_RETURN_TYPE = YES_ERROR;
				GCC_WARN_UNDECLARED_SELECTOR = YES;
				GCC_WARN_UNINITIALIZED_AUTOS = YES_AGGRESSIVE;
				GCC_WARN_UNUSED_FUNCTION = YES;
				GCC_WARN_UNUSED_VARIABLE = YES;
				MTL_ENABLE_DEBUG_INFO = INCLUDE_SOURCE;
				MTL_FAST_MATH = YES;
				ONLY_ACTIVE_ARCH = YES;
				SWIFT_ACTIVE_COMPILATION_CONDITIONS = DEBUG;
				SWIFT_OPTIMIZATION_LEVEL = "-Onone";
			};
			name = Debug;
		};
		6CB0F7E527D0ED34001A5DDC /* Release */ = {
			isa = XCBuildConfiguration;
			buildSettings = {
				ALWAYS_SEARCH_USER_PATHS = NO;
				CLANG_ANALYZER_NONNULL = YES;
				CLANG_ANALYZER_NUMBER_OBJECT_CONVERSION = YES_AGGRESSIVE;
				CLANG_CXX_LANGUAGE_STANDARD = "gnu++17";
				CLANG_CXX_LIBRARY = "libc++";
				CLANG_ENABLE_MODULES = YES;
				CLANG_ENABLE_OBJC_ARC = YES;
				CLANG_ENABLE_OBJC_WEAK = YES;
				CLANG_WARN_BLOCK_CAPTURE_AUTORELEASING = YES;
				CLANG_WARN_BOOL_CONVERSION = YES;
				CLANG_WARN_COMMA = YES;
				CLANG_WARN_CONSTANT_CONVERSION = YES;
				CLANG_WARN_DEPRECATED_OBJC_IMPLEMENTATIONS = YES;
				CLANG_WARN_DIRECT_OBJC_ISA_USAGE = YES_ERROR;
				CLANG_WARN_DOCUMENTATION_COMMENTS = YES;
				CLANG_WARN_EMPTY_BODY = YES;
				CLANG_WARN_ENUM_CONVERSION = YES;
				CLANG_WARN_INFINITE_RECURSION = YES;
				CLANG_WARN_INT_CONVERSION = YES;
				CLANG_WARN_NON_LITERAL_NULL_CONVERSION = YES;
				CLANG_WARN_OBJC_IMPLICIT_RETAIN_SELF = YES;
				CLANG_WARN_OBJC_LITERAL_CONVERSION = YES;
				CLANG_WARN_OBJC_ROOT_CLASS = YES_ERROR;
				CLANG_WARN_QUOTED_INCLUDE_IN_FRAMEWORK_HEADER = YES;
				CLANG_WARN_RANGE_LOOP_ANALYSIS = YES;
				CLANG_WARN_STRICT_PROTOTYPES = YES;
				CLANG_WARN_SUSPICIOUS_MOVE = YES;
				CLANG_WARN_UNGUARDED_AVAILABILITY = YES_AGGRESSIVE;
				CLANG_WARN_UNREACHABLE_CODE = YES;
				CLANG_WARN__DUPLICATE_METHOD_MATCH = YES;
				COPY_PHASE_STRIP = NO;
				DEBUG_INFORMATION_FORMAT = "dwarf-with-dsym";
				ENABLE_NS_ASSERTIONS = NO;
				ENABLE_STRICT_OBJC_MSGSEND = YES;
				GCC_C_LANGUAGE_STANDARD = gnu11;
				GCC_NO_COMMON_BLOCKS = YES;
				GCC_WARN_64_TO_32_BIT_CONVERSION = YES;
				GCC_WARN_ABOUT_RETURN_TYPE = YES_ERROR;
				GCC_WARN_UNDECLARED_SELECTOR = YES;
				GCC_WARN_UNINITIALIZED_AUTOS = YES_AGGRESSIVE;
				GCC_WARN_UNUSED_FUNCTION = YES;
				GCC_WARN_UNUSED_VARIABLE = YES;
				MTL_ENABLE_DEBUG_INFO = NO;
				MTL_FAST_MATH = YES;
				SWIFT_COMPILATION_MODE = wholemodule;
				SWIFT_OPTIMIZATION_LEVEL = "-O";
			};
			name = Release;
		};
		6CB0F7E727D0ED34001A5DDC /* Debug */ = {
			isa = XCBuildConfiguration;
			buildSettings = {
				ASSETCATALOG_COMPILER_APPICON_NAME = AppIcon;
				ASSETCATALOG_COMPILER_GLOBAL_ACCENT_COLOR_NAME = AccentColor;
				CODE_SIGN_STYLE = Automatic;
				CURRENT_PROJECT_VERSION = 1;
				ENABLE_PREVIEWS = YES;
				GENERATE_INFOPLIST_FILE = YES;
				INFOPLIST_KEY_UIApplicationSceneManifest_Generation = YES;
				INFOPLIST_KEY_UIApplicationSupportsIndirectInputEvents = YES;
				INFOPLIST_KEY_UILaunchScreen_Generation = YES;
				INFOPLIST_KEY_UISupportedInterfaceOrientations = UIInterfaceOrientationPortrait;
				INFOPLIST_KEY_UISupportedInterfaceOrientations_iPad = "UIInterfaceOrientationPortrait UIInterfaceOrientationPortraitUpsideDown UIInterfaceOrientationLandscapeLeft UIInterfaceOrientationLandscapeRight";
				INFOPLIST_KEY_UISupportedInterfaceOrientations_iPhone = "UIInterfaceOrientationPortrait UIInterfaceOrientationLandscapeLeft UIInterfaceOrientationLandscapeRight";
				IPHONEOS_DEPLOYMENT_TARGET = 15.0;
				LD_RUNPATH_SEARCH_PATHS = (
					"$(inherited)",
					"@executable_path/Frameworks",
				);
				MARKETING_VERSION = 1.0;
				PRODUCT_BUNDLE_IDENTIFIER = "seoguns-dev.SwiftUI-Pinch";
				PRODUCT_NAME = SwiftUI_Pinch;
				SDKROOT = iphoneos;
				SWIFT_EMIT_LOC_STRINGS = YES;
				SWIFT_VERSION = 5.0;
				TARGETED_DEVICE_FAMILY = "1,2";
			};
			name = Debug;
		};
		6CB0F7E827D0ED34001A5DDC /* Release */ = {
			isa = XCBuildConfiguration;
			buildSettings = {
				ASSETCATALOG_COMPILER_APPICON_NAME = AppIcon;
				ASSETCATALOG_COMPILER_GLOBAL_ACCENT_COLOR_NAME = AccentColor;
				CODE_SIGN_STYLE = Automatic;
				CURRENT_PROJECT_VERSION = 1;
				ENABLE_PREVIEWS = YES;
				GENERATE_INFOPLIST_FILE = YES;
				INFOPLIST_KEY_UIApplicationSceneManifest_Generation = YES;
				INFOPLIST_KEY_UIApplicationSupportsIndirectInputEvents = YES;
				INFOPLIST_KEY_UILaunchScreen_Generation = YES;
				INFOPLIST_KEY_UISupportedInterfaceOrientations = UIInterfaceOrientationPortrait;
				INFOPLIST_KEY_UISupportedInterfaceOrientations_iPad = "UIInterfaceOrientationPortrait UIInterfaceOrientationPortraitUpsideDown UIInterfaceOrientationLandscapeLeft UIInterfaceOrientationLandscapeRight";
				INFOPLIST_KEY_UISupportedInterfaceOrientations_iPhone = "UIInterfaceOrientationPortrait UIInterfaceOrientationLandscapeLeft UIInterfaceOrientationLandscapeRight";
				IPHONEOS_DEPLOYMENT_TARGET = 15.0;
				LD_RUNPATH_SEARCH_PATHS = (
					"$(inherited)",
					"@executable_path/Frameworks",
				);
				MARKETING_VERSION = 1.0;
				PRODUCT_BUNDLE_IDENTIFIER = "seoguns-dev.SwiftUI-Pinch";
				PRODUCT_NAME = SwiftUI_Pinch;
				SDKROOT = iphoneos;
				SWIFT_EMIT_LOC_STRINGS = YES;
				SWIFT_VERSION = 5.0;
				TARGETED_DEVICE_FAMILY = "1,2";
				VALIDATE_PRODUCT = YES;
			};
			name = Release;
		};
		6CB0F7EA27D0ED34001A5DDC /* Debug */ = {
			isa = XCBuildConfiguration;
			buildSettings = {
				ASSETCATALOG_COMPILER_APPICON_NAME = AppIcon;
				ASSETCATALOG_COMPILER_GLOBAL_ACCENT_COLOR_NAME = AccentColor;
				CODE_SIGN_ENTITLEMENTS = macOS/macOS.entitlements;
				CODE_SIGN_STYLE = Automatic;
				COMBINE_HIDPI_IMAGES = YES;
				CURRENT_PROJECT_VERSION = 1;
				ENABLE_PREVIEWS = YES;
				GENERATE_INFOPLIST_FILE = YES;
				INFOPLIST_KEY_NSHumanReadableCopyright = "";
				LD_RUNPATH_SEARCH_PATHS = (
					"$(inherited)",
					"@executable_path/../Frameworks",
				);
				MACOSX_DEPLOYMENT_TARGET = 12.1;
				MARKETING_VERSION = 1.0;
				PRODUCT_BUNDLE_IDENTIFIER = "seoguns-dev.SwiftUI-Pinch";
				PRODUCT_NAME = SwiftUI_Pinch;
				SDKROOT = macosx;
				SWIFT_EMIT_LOC_STRINGS = YES;
				SWIFT_VERSION = 5.0;
			};
			name = Debug;
		};
		6CB0F7EB27D0ED34001A5DDC /* Release */ = {
			isa = XCBuildConfiguration;
			buildSettings = {
				ASSETCATALOG_COMPILER_APPICON_NAME = AppIcon;
				ASSETCATALOG_COMPILER_GLOBAL_ACCENT_COLOR_NAME = AccentColor;
				CODE_SIGN_ENTITLEMENTS = macOS/macOS.entitlements;
				CODE_SIGN_STYLE = Automatic;
				COMBINE_HIDPI_IMAGES = YES;
				CURRENT_PROJECT_VERSION = 1;
				ENABLE_PREVIEWS = YES;
				GENERATE_INFOPLIST_FILE = YES;
				INFOPLIST_KEY_NSHumanReadableCopyright = "";
				LD_RUNPATH_SEARCH_PATHS = (
					"$(inherited)",
					"@executable_path/../Frameworks",
				);
				MACOSX_DEPLOYMENT_TARGET = 12.1;
				MARKETING_VERSION = 1.0;
				PRODUCT_BUNDLE_IDENTIFIER = "seoguns-dev.SwiftUI-Pinch";
				PRODUCT_NAME = SwiftUI_Pinch;
				SDKROOT = macosx;
				SWIFT_EMIT_LOC_STRINGS = YES;
				SWIFT_VERSION = 5.0;
			};
			name = Release;
		};
		6CB0F7ED27D0ED34001A5DDC /* Debug */ = {
			isa = XCBuildConfiguration;
			buildSettings = {
				ALWAYS_EMBED_SWIFT_STANDARD_LIBRARIES = YES;
				CODE_SIGN_STYLE = Automatic;
				CURRENT_PROJECT_VERSION = 1;
				GENERATE_INFOPLIST_FILE = YES;
				IPHONEOS_DEPLOYMENT_TARGET = 15.2;
				MARKETING_VERSION = 1.0;
				PRODUCT_BUNDLE_IDENTIFIER = "seoguns-dev.Tests-iOS";
				PRODUCT_NAME = "$(TARGET_NAME)";
				SDKROOT = iphoneos;
				SWIFT_EMIT_LOC_STRINGS = NO;
				SWIFT_VERSION = 5.0;
				TARGETED_DEVICE_FAMILY = "1,2";
				TEST_TARGET_NAME = "SwiftUI_Pinch (iOS)";
			};
			name = Debug;
		};
		6CB0F7EE27D0ED34001A5DDC /* Release */ = {
			isa = XCBuildConfiguration;
			buildSettings = {
				ALWAYS_EMBED_SWIFT_STANDARD_LIBRARIES = YES;
				CODE_SIGN_STYLE = Automatic;
				CURRENT_PROJECT_VERSION = 1;
				GENERATE_INFOPLIST_FILE = YES;
				IPHONEOS_DEPLOYMENT_TARGET = 15.2;
				MARKETING_VERSION = 1.0;
				PRODUCT_BUNDLE_IDENTIFIER = "seoguns-dev.Tests-iOS";
				PRODUCT_NAME = "$(TARGET_NAME)";
				SDKROOT = iphoneos;
				SWIFT_EMIT_LOC_STRINGS = NO;
				SWIFT_VERSION = 5.0;
				TARGETED_DEVICE_FAMILY = "1,2";
				TEST_TARGET_NAME = "SwiftUI_Pinch (iOS)";
				VALIDATE_PRODUCT = YES;
			};
			name = Release;
		};
		6CB0F7F027D0ED34001A5DDC /* Debug */ = {
			isa = XCBuildConfiguration;
			buildSettings = {
				ALWAYS_EMBED_SWIFT_STANDARD_LIBRARIES = YES;
				CODE_SIGN_STYLE = Automatic;
				CURRENT_PROJECT_VERSION = 1;
				GENERATE_INFOPLIST_FILE = YES;
				MACOSX_DEPLOYMENT_TARGET = 12.1;
				MARKETING_VERSION = 1.0;
				PRODUCT_BUNDLE_IDENTIFIER = "seoguns-dev.Tests-macOS";
				PRODUCT_NAME = "$(TARGET_NAME)";
				SDKROOT = macosx;
				SWIFT_EMIT_LOC_STRINGS = NO;
				SWIFT_VERSION = 5.0;
				TEST_TARGET_NAME = "SwiftUI_Pinch (macOS)";
			};
			name = Debug;
		};
		6CB0F7F127D0ED34001A5DDC /* Release */ = {
			isa = XCBuildConfiguration;
			buildSettings = {
				ALWAYS_EMBED_SWIFT_STANDARD_LIBRARIES = YES;
				CODE_SIGN_STYLE = Automatic;
				CURRENT_PROJECT_VERSION = 1;
				GENERATE_INFOPLIST_FILE = YES;
				MACOSX_DEPLOYMENT_TARGET = 12.1;
				MARKETING_VERSION = 1.0;
				PRODUCT_BUNDLE_IDENTIFIER = "seoguns-dev.Tests-macOS";
				PRODUCT_NAME = "$(TARGET_NAME)";
				SDKROOT = macosx;
				SWIFT_EMIT_LOC_STRINGS = NO;
				SWIFT_VERSION = 5.0;
				TEST_TARGET_NAME = "SwiftUI_Pinch (macOS)";
			};
			name = Release;
		};
/* End XCBuildConfiguration section */

/* Begin XCConfigurationList section */
		6CB0F7B427D0ED32001A5DDC /* Build configuration list for PBXProject "SwiftUI_Pinch" */ = {
			isa = XCConfigurationList;
			buildConfigurations = (
				6CB0F7E427D0ED34001A5DDC /* Debug */,
				6CB0F7E527D0ED34001A5DDC /* Release */,
			);
			defaultConfigurationIsVisible = 0;
			defaultConfigurationName = Release;
		};
		6CB0F7E627D0ED34001A5DDC /* Build configuration list for PBXNativeTarget "SwiftUI_Pinch (iOS)" */ = {
			isa = XCConfigurationList;
			buildConfigurations = (
				6CB0F7E727D0ED34001A5DDC /* Debug */,
				6CB0F7E827D0ED34001A5DDC /* Release */,
			);
			defaultConfigurationIsVisible = 0;
			defaultConfigurationName = Release;
		};
		6CB0F7E927D0ED34001A5DDC /* Build configuration list for PBXNativeTarget "SwiftUI_Pinch (macOS)" */ = {
			isa = XCConfigurationList;
			buildConfigurations = (
				6CB0F7EA27D0ED34001A5DDC /* Debug */,
				6CB0F7EB27D0ED34001A5DDC /* Release */,
			);
			defaultConfigurationIsVisible = 0;
			defaultConfigurationName = Release;
		};
		6CB0F7EC27D0ED34001A5DDC /* Build configuration list for PBXNativeTarget "Tests iOS" */ = {
			isa = XCConfigurationList;
			buildConfigurations = (
				6CB0F7ED27D0ED34001A5DDC /* Debug */,
				6CB0F7EE27D0ED34001A5DDC /* Release */,
			);
			defaultConfigurationIsVisible = 0;
			defaultConfigurationName = Release;
		};
		6CB0F7EF27D0ED34001A5DDC /* Build configuration list for PBXNativeTarget "Tests macOS" */ = {
			isa = XCConfigurationList;
			buildConfigurations = (
				6CB0F7F027D0ED34001A5DDC /* Debug */,
				6CB0F7F127D0ED34001A5DDC /* Release */,
			);
			defaultConfigurationIsVisible = 0;
			defaultConfigurationName = Release;
		};
/* End XCConfigurationList section */
	};
	rootObject = 6CB0F7B127D0ED32001A5DDC /* Project object */;
}
